{
  "name": "lnurlcash-conformance",
  "version": "0.9.0",
  "lockfileVersion": 3,
  "requires": true,
  "dev": true,
  "packages": {
    "": {
      "name": "lnurlcash-conformance",
      "version": "0.9.0",
      "license": "MIT",
      "dependencies": {
        "@noble/curves": "^2.3.0",
        "@noble/hashes": "^2.3.0",
        "@scure/base": "^1.2.4"
      },
      "bin": {
        "lnurlcash-conform": "runner/cli.mjs",
        "lnurlcash-mock-mint": "mock-mint/index.mjs"
      },
      "devDependencies": {
        "@scure/bip39": "^2.3.0"
      }
    },
    "node_modules/@noble/curves": {
      "version": "2.3.0",
      "resolved": "https://registry.npmjs.org/@noble/curves/-/curves-2.3.0.tgz",
      "integrity": "sha512-v7cY+4oWYPQszRj6ZFGzTVL7uP2TaLo1xMhWHzYC5wj0ZhOXQ5x+sBre8rF3hi8cAoi0bh1qXoovoOkdFtvqEg==",
      "license": "MIT",
      "dependencies": {
        "@noble/hashes": "2.3.0"
      },
      "engines": {
        "node": ">= 20.19.0"
      },
      "funding": {
        "url": "https://paulmillr.com/funding/"
      }
    },
    "node_modules/@noble/hashes": {
      "version": "2.3.0",
      "resolved": "https://registry.npmjs.org/@noble/hashes/-/hashes-2.3.0.tgz",
      "integrity": "sha512-oN+QwyX7VSHotibwubG3kpzbwKrfnyR6OOO+3Nk/53ADL7FmgHHz4TgrbaYKvvOw09u6QTx0oiH1cNCIOuN0CQ==",
      "license": "MIT",
      "engines": {
        "node": ">= 20.19.0"
      },
      "funding": {
        "url": "https://paulmillr.com/funding/"
      }
    },
    "node_modules/@scure/base": {
      "version": "1.2.6",
      "resolved": "https://registry.npmjs.org/@scure/base/-/base-1.2.6.tgz",
      "integrity": "sha512-g/nm5FgUa//MCj1gV09zTJTaM6KBAHqLN907YVQqf7zC49+DcO4B1so4ZX07Ef10Twr6nuqYEH9GEggFXA4Fmg==",
      "license": "MIT",
      "funding": {
        "url": "https://paulmillr.com/funding/"
      }
    },
    "node_modules/@scure/bip39": {
      "version": "2.3.0",
      "resolved": "https://registry.npmjs.org/@scure/bip39/-/bip39-2.3.0.tgz",
      "integrity": "sha512-qdyWuxoYwi3+YmqIsfkpz1I029m980WkVPilj+kG7VxSm+gKQ2BmQru3nv3LbMtpSUXuyZwdFT65JkpKu5OHOQ==",
      "dev": true,
      "license": "MIT",
      "dependencies": {
        "@noble/hashes": "2.3.0"
      },
      "funding": {
        "url": "https://paulmillr.com/funding/"
      }
    }
  }
}
